
Microsoft Visual Studio Solution File, Format Version 12.00
# Visual Studio Version 17
VisualStudioVersion = 17.8.34330.188
MinimumVisualStudioVersion = 10.0.40219.1
Project("{FAE04EC0-301F-11D3-BF4B-00C04F79EFBC}") = "272", "272.csproj", "{D2F54348-32BC-49EB-95EE-4A134BA8F444}"
EndProject
Global
	GlobalSection(SolutionConfigurationPlatforms) = preSolution
		Debug|Any CPU = Debug|Any CPU
		Release|Any CPU = Release|Any CPU
	EndGlobalSection
	GlobalSection(ProjectConfigurationPlatforms) = postSolution
		{D2F54348-32BC-49EB-95EE-4A134BA8F444}.Debug|Any CPU.ActiveCfg = Debug|Any CPU
		{D2F54348-32BC-49EB-95EE-4A134BA8F444}.Debug|Any CPU.Build.0 = Debug|Any CPU
		{D2F54348-32BC-49EB-95EE-4A134BA8F444}.Release|Any CPU.ActiveCfg = Release|Any CPU
		{D2F54348-32BC-49EB-95EE-4A134BA8F444}.Release|Any CPU.Build.0 = Release|Any CPU
	EndGlobalSection
	GlobalSection(SolutionProperties) = preSolution
		HideSolutionNode = FALSE
	EndGlobalSection
	GlobalSection(ExtensibilityGlobals) = postSolution
		SolutionGuid = {39B7C34F-E1C1-44B4-8DD4-E06E115B48EE}
	EndGlobalSection
EndGlobal
